// !$*UTF8*$!
{
	archiveVersion = 1;
	classes = {
	};
	objectVersion = 46;
	objects = {

/* Begin PBXBuildFile section */
		5D3EB07B1A1353CC00D500AE /* LoginItem.xib in Resources */ = {isa = PBXBuildFile; fileRef = 5D3EB07A1A1353CC00D500AE /* LoginItem.xib */; };
		5D3EB07D1A13540D00D500AE /* LoginItem.swift in Sources */ = {isa = PBXBuildFile; fileRef = 5D3EB07C1A13540D00D500AE /* LoginItem.swift */; };
		5D3EB07F1A135BB600D500AE /* Account.swift in Sources */ = {isa = PBXBuildFile; fileRef = 5D3EB07E1A135BB600D500AE /* Account.swift */; };
		5D3EB0811A135D3100D500AE /* KeyboardPlaceHolder.swift in Sources */ = {isa = PBXBuildFile; fileRef = 5D3EB0801A135D3100D500AE /* KeyboardPlaceHolder.swift */; };
		5D4902231A131E0A00C3587E /* DotAPI.swift in Sources */ = {isa = PBXBuildFile; fileRef = 5D4902221A131E0A00C3587E /* DotAPI.swift */; };
		5D4902351A13203C00C3587E /* .gitignore in Resources */ = {isa = PBXBuildFile; fileRef = 5D4902261A13203C00C3587E /* .gitignore */; };
		5D4902361A13203C00C3587E /* HTTPRequestSerializer.swift in Sources */ = {isa = PBXBuildFile; fileRef = 5D4902271A13203C00C3587E /* HTTPRequestSerializer.swift */; };
		5D4902371A13203C00C3587E /* HTTPResponseSerializer.swift in Sources */ = {isa = PBXBuildFile; fileRef = 5D4902281A13203C00C3587E /* HTTPResponseSerializer.swift */; };
		5D4902381A13203C00C3587E /* HTTPTask.swift in Sources */ = {isa = PBXBuildFile; fileRef = 5D4902291A13203C00C3587E /* HTTPTask.swift */; };
		5D4902391A13203C00C3587E /* HTTPUpload.swift in Sources */ = {isa = PBXBuildFile; fileRef = 5D49022A1A13203C00C3587E /* HTTPUpload.swift */; };
		5D49023A1A13203C00C3587E /* Info.plist in Resources */ = {isa = PBXBuildFile; fileRef = 5D49022B1A13203C00C3587E /* Info.plist */; };
		5D49023B1A13203C00C3587E /* LICENSE in Resources */ = {isa = PBXBuildFile; fileRef = 5D49022C1A13203C00C3587E /* LICENSE */; };
		5D49023C1A13203C00C3587E /* README.md in Sources */ = {isa = PBXBuildFile; fileRef = 5D49022D1A13203C00C3587E /* README.md */; };
		5D6C1EEF1A0CB68000B3953B /* ContactItem.xib in Resources */ = {isa = PBXBuildFile; fileRef = 5D6C1EEE1A0CB68000B3953B /* ContactItem.xib */; };
		5D6C1EF11A0CB78A00B3953B /* ContactItem.swift in Sources */ = {isa = PBXBuildFile; fileRef = 5D6C1EF01A0CB78A00B3953B /* ContactItem.swift */; };
		5D6F73731A10A1FC00A803F5 /* DotTableView.swift in Sources */ = {isa = PBXBuildFile; fileRef = 5D6F73721A10A1FC00A803F5 /* DotTableView.swift */; };
		5D6F73751A10A7AC00A803F5 /* DotItem.swift in Sources */ = {isa = PBXBuildFile; fileRef = 5D6F73741A10A7AC00A803F5 /* DotItem.swift */; };
		5D85BFC31A0725300055114A /* MainMenuViewController.swift in Sources */ = {isa = PBXBuildFile; fileRef = 5D85BFC21A0725300055114A /* MainMenuViewController.swift */; };
		5D85BFC51A07394B0055114A /* MenuItem.swift in Sources */ = {isa = PBXBuildFile; fileRef = 5D85BFC41A07394B0055114A /* MenuItem.swift */; };
		5D85BFC91A073AA50055114A /* MenuItem.xib in Resources */ = {isa = PBXBuildFile; fileRef = 5D85BFC81A073AA50055114A /* MenuItem.xib */; };
		5D89377D1A087E25004B0280 /* ektl.png in Resources */ = {isa = PBXBuildFile; fileRef = 5D89377C1A087E25004B0280 /* ektl.png */; };
		5D89377F1A088A50004B0280 /* Data.swift in Sources */ = {isa = PBXBuildFile; fileRef = 5D89377E1A088A50004B0280 /* Data.swift */; };
		5D93594619F8F71A00CBC9BD /* AppDelegate.swift in Sources */ = {isa = PBXBuildFile; fileRef = 5D93594519F8F71A00CBC9BD /* AppDelegate.swift */; };
		5D93594819F8F71A00CBC9BD /* ViewController.swift in Sources */ = {isa = PBXBuildFile; fileRef = 5D93594719F8F71A00CBC9BD /* ViewController.swift */; };
		5D93594B19F8F71A00CBC9BD /* Main.storyboard in Resources */ = {isa = PBXBuildFile; fileRef = 5D93594919F8F71A00CBC9BD /* Main.storyboard */; };
		5D93594D19F8F71A00CBC9BD /* Images.xcassets in Resources */ = {isa = PBXBuildFile; fileRef = 5D93594C19F8F71A00CBC9BD /* Images.xcassets */; };
		5D93595019F8F71A00CBC9BD /* LaunchScreen.xib in Resources */ = {isa = PBXBuildFile; fileRef = 5D93594E19F8F71A00CBC9BD /* LaunchScreen.xib */; };
		5D93595C19F8F71A00CBC9BD /* DotTests.swift in Sources */ = {isa = PBXBuildFile; fileRef = 5D93595B19F8F71A00CBC9BD /* DotTests.swift */; };
		5DB0C9921A10CBDE008E16CD /* MenuViewTable.swift in Sources */ = {isa = PBXBuildFile; fileRef = 5DB0C9911A10CBDE008E16CD /* MenuViewTable.swift */; };
		5DDE2F091A07AC8C00553B2A /* ContactsViewController.swift in Sources */ = {isa = PBXBuildFile; fileRef = 5DDE2F081A07AC8C00553B2A /* ContactsViewController.swift */; };
		5DF8AD0C1A0897010083B0DD /* PlaceHolder.swift in Sources */ = {isa = PBXBuildFile; fileRef = 5DF8AD0B1A0897010083B0DD /* PlaceHolder.swift */; };
		5DFBCC331A134C4A005F421F /* LoginViewController.swift in Sources */ = {isa = PBXBuildFile; fileRef = 5DFBCC321A134C4A005F421F /* LoginViewController.swift */; };
/* End PBXBuildFile section */

/* Begin PBXContainerItemProxy section */
		5D93595619F8F71A00CBC9BD /* PBXContainerItemProxy */ = {
			isa = PBXContainerItemProxy;
			containerPortal = 5D93593819F8F71A00CBC9BD /* Project object */;
			proxyType = 1;
			remoteGlobalIDString = 5D93593F19F8F71A00CBC9BD;
			remoteInfo = Dot;
		};
/* End PBXContainerItemProxy section */

/* Begin PBXFileReference section */
		5D3EB07A1A1353CC00D500AE /* LoginItem.xib */ = {isa = PBXFileReference; fileEncoding = 4; lastKnownFileType = file.xib; path = LoginItem.xib; sourceTree = "<group>"; };
		5D3EB07C1A13540D00D500AE /* LoginItem.swift */ = {isa = PBXFileReference; fileEncoding = 4; lastKnownFileType = sourcecode.swift; path = LoginItem.swift; sourceTree = "<group>"; };
		5D3EB07E1A135BB600D500AE /* Account.swift */ = {isa = PBXFileReference; fileEncoding = 4; lastKnownFileType = sourcecode.swift; path = Account.swift; sourceTree = "<group>"; };
		5D3EB0801A135D3100D500AE /* KeyboardPlaceHolder.swift */ = {isa = PBXFileReference; fileEncoding = 4; lastKnownFileType = sourcecode.swift; path = KeyboardPlaceHolder.swift; sourceTree = "<group>"; };
		5D4902221A131E0A00C3587E /* DotAPI.swift */ = {isa = PBXFileReference; fileEncoding = 4; lastKnownFileType = sourcecode.swift; path = DotAPI.swift; sourceTree = "<group>"; };
		5D4902261A13203C00C3587E /* .gitignore */ = {isa = PBXFileReference; fileEncoding = 4; lastKnownFileType = text; path = .gitignore; sourceTree = "<group>"; };
		5D4902271A13203C00C3587E /* HTTPRequestSerializer.swift */ = {isa = PBXFileReference; fileEncoding = 4; lastKnownFileType = sourcecode.swift; path = HTTPRequestSerializer.swift; sourceTree = "<group>"; };
		5D4902281A13203C00C3587E /* HTTPResponseSerializer.swift */ = {isa = PBXFileReference; fileEncoding = 4; lastKnownFileType = sourcecode.swift; path = HTTPResponseSerializer.swift; sourceTree = "<group>"; };
		5D4902291A13203C00C3587E /* HTTPTask.swift */ = {isa = PBXFileReference; fileEncoding = 4; lastKnownFileType = sourcecode.swift; path = HTTPTask.swift; sourceTree = "<group>"; };
		5D49022A1A13203C00C3587E /* HTTPUpload.swift */ = {isa = PBXFileReference; fileEncoding = 4; lastKnownFileType = sourcecode.swift; path = HTTPUpload.swift; sourceTree = "<group>"; };
		5D49022B1A13203C00C3587E /* Info.plist */ = {isa = PBXFileReference; fileEncoding = 4; lastKnownFileType = text.plist.xml; path = Info.plist; sourceTree = "<group>"; };
		5D49022C1A13203C00C3587E /* LICENSE */ = {isa = PBXFileReference; fileEncoding = 4; lastKnownFileType = text; path = LICENSE; sourceTree = "<group>"; };
		5D49022D1A13203C00C3587E /* README.md */ = {isa = PBXFileReference; fileEncoding = 4; lastKnownFileType = net.daringfireball.markdown; path = README.md; sourceTree = "<group>"; };
		5D49022E1A13203C00C3587E /* SwiftHTTP.h */ = {isa = PBXFileReference; fileEncoding = 4; lastKnownFileType = sourcecode.c.h; path = SwiftHTTP.h; sourceTree = "<group>"; };
		5D6C1EEE1A0CB68000B3953B /* ContactItem.xib */ = {isa = PBXFileReference; fileEncoding = 4; lastKnownFileType = file.xib; path = ContactItem.xib; sourceTree = "<group>"; };
		5D6C1EF01A0CB78A00B3953B /* ContactItem.swift */ = {isa = PBXFileReference; fileEncoding = 4; lastKnownFileType = sourcecode.swift; path = ContactItem.swift; sourceTree = "<group>"; };
		5D6F73721A10A1FC00A803F5 /* DotTableView.swift */ = {isa = PBXFileReference; fileEncoding = 4; lastKnownFileType = sourcecode.swift; path = DotTableView.swift; sourceTree = "<group>"; };
		5D6F73741A10A7AC00A803F5 /* DotItem.swift */ = {isa = PBXFileReference; fileEncoding = 4; lastKnownFileType = sourcecode.swift; path = DotItem.swift; sourceTree = "<group>"; };
		5D85BFC21A0725300055114A /* MainMenuViewController.swift */ = {isa = PBXFileReference; fileEncoding = 4; lastKnownFileType = sourcecode.swift; path = MainMenuViewController.swift; sourceTree = "<group>"; };
		5D85BFC41A07394B0055114A /* MenuItem.swift */ = {isa = PBXFileReference; fileEncoding = 4; lastKnownFileType = sourcecode.swift; path = MenuItem.swift; sourceTree = "<group>"; };
		5D85BFC81A073AA50055114A /* MenuItem.xib */ = {isa = PBXFileReference; fileEncoding = 4; lastKnownFileType = file.xib; path = MenuItem.xib; sourceTree = "<group>"; };
		5D89377C1A087E25004B0280 /* ektl.png */ = {isa = PBXFileReference; lastKnownFileType = image.png; path = ektl.png; sourceTree = "<group>"; };
		5D89377E1A088A50004B0280 /* Data.swift */ = {isa = PBXFileReference; fileEncoding = 4; lastKnownFileType = sourcecode.swift; path = Data.swift; sourceTree = "<group>"; };
		5D93594019F8F71A00CBC9BD /* Dot.app */ = {isa = PBXFileReference; explicitFileType = wrapper.application; includeInIndex = 0; path = Dot.app; sourceTree = BUILT_PRODUCTS_DIR; };
		5D93594419F8F71A00CBC9BD /* Info.plist */ = {isa = PBXFileReference; lastKnownFileType = text.plist.xml; path = Info.plist; sourceTree = "<group>"; };
		5D93594519F8F71A00CBC9BD /* AppDelegate.swift */ = {isa = PBXFileReference; lastKnownFileType = sourcecode.swift; path = AppDelegate.swift; sourceTree = "<group>"; };
		5D93594719F8F71A00CBC9BD /* ViewController.swift */ = {isa = PBXFileReference; lastKnownFileType = sourcecode.swift; path = ViewController.swift; sourceTree = "<group>"; };
		5D93594A19F8F71A00CBC9BD /* Base */ = {isa = PBXFileReference; lastKnownFileType = file.storyboard; name = Base; path = Base.lproj/Main.storyboard; sourceTree = "<group>"; };
		5D93594C19F8F71A00CBC9BD /* Images.xcassets */ = {isa = PBXFileReference; lastKnownFileType = folder.assetcatalog; path = Images.xcassets; sourceTree = "<group>"; };
		5D93594F19F8F71A00CBC9BD /* Base */ = {isa = PBXFileReference; lastKnownFileType = file.xib; name = Base; path = Base.lproj/LaunchScreen.xib; sourceTree = "<group>"; };
		5D93595519F8F71A00CBC9BD /* DotTests.xctest */ = {isa = PBXFileReference; explicitFileType = wrapper.cfbundle; includeInIndex = 0; path = DotTests.xctest; sourceTree = BUILT_PRODUCTS_DIR; };
		5D93595A19F8F71A00CBC9BD /* Info.plist */ = {isa = PBXFileReference; lastKnownFileType = text.plist.xml; path = Info.plist; sourceTree = "<group>"; };
		5D93595B19F8F71A00CBC9BD /* DotTests.swift */ = {isa = PBXFileReference; lastKnownFileType = sourcecode.swift; path = DotTests.swift; sourceTree = "<group>"; };
		5DB0C9911A10CBDE008E16CD /* MenuViewTable.swift */ = {isa = PBXFileReference; fileEncoding = 4; lastKnownFileType = sourcecode.swift; path = MenuViewTable.swift; sourceTree = "<group>"; };
		5DDE2F081A07AC8C00553B2A /* ContactsViewController.swift */ = {isa = PBXFileReference; fileEncoding = 4; lastKnownFileType = sourcecode.swift; path = ContactsViewController.swift; sourceTree = "<group>"; };
		5DF8AD0B1A0897010083B0DD /* PlaceHolder.swift */ = {isa = PBXFileReference; fileEncoding = 4; lastKnownFileType = sourcecode.swift; path = PlaceHolder.swift; sourceTree = "<group>"; };
		5DFBCC321A134C4A005F421F /* LoginViewController.swift */ = {isa = PBXFileReference; fileEncoding = 4; lastKnownFileType = sourcecode.swift; path = LoginViewController.swift; sourceTree = "<group>"; };
/* End PBXFileReference section */

/* Begin PBXFrameworksBuildPhase section */
		5D93593D19F8F71A00CBC9BD /* Frameworks */ = {
			isa = PBXFrameworksBuildPhase;
			buildActionMask = 2147483647;
			files = (
			);
			runOnlyForDeploymentPostprocessing = 0;
		};
		5D93595219F8F71A00CBC9BD /* Frameworks */ = {
			isa = PBXFrameworksBuildPhase;
			buildActionMask = 2147483647;
			files = (
			);
			runOnlyForDeploymentPostprocessing = 0;
		};
/* End PBXFrameworksBuildPhase section */

/* Begin PBXGroup section */
		5D4902251A13203C00C3587E /* SwiftHTTP-master */ = {
			isa = PBXGroup;
			children = (
				5D4902261A13203C00C3587E /* .gitignore */,
				5D4902271A13203C00C3587E /* HTTPRequestSerializer.swift */,
				5D4902281A13203C00C3587E /* HTTPResponseSerializer.swift */,
				5D4902291A13203C00C3587E /* HTTPTask.swift */,
				5D49022A1A13203C00C3587E /* HTTPUpload.swift */,
				5D49022B1A13203C00C3587E /* Info.plist */,
				5D49022C1A13203C00C3587E /* LICENSE */,
				5D49022D1A13203C00C3587E /* README.md */,
				5D49022E1A13203C00C3587E /* SwiftHTTP.h */,
			);
			path = "SwiftHTTP-master";
			sourceTree = "<group>";
		};
		5D7B21FB1A11B5880060F339 /* Messaging */ = {
			isa = PBXGroup;
			children = (
			);
			name = Messaging;
			sourceTree = "<group>";
		};
		5D93593719F8F71A00CBC9BD = {
			isa = PBXGroup;
			children = (
				5D93594219F8F71A00CBC9BD /* Dot */,
				5D93595819F8F71A00CBC9BD /* DotTests */,
				5D93594119F8F71A00CBC9BD /* Products */,
			);
			sourceTree = "<group>";
		};
		5D93594119F8F71A00CBC9BD /* Products */ = {
			isa = PBXGroup;
			children = (
				5D93594019F8F71A00CBC9BD /* Dot.app */,
				5D93595519F8F71A00CBC9BD /* DotTests.xctest */,
			);
			name = Products;
			sourceTree = "<group>";
		};
		5D93594219F8F71A00CBC9BD /* Dot */ = {
			isa = PBXGroup;
			children = (
				5DFBCC311A134C32005F421F /* Account */,
				5DD32FE71A0CB3C80028C927 /* Model */,
				5DD32FE61A0CB3B20028C927 /* Contacts */,
				5DA71FB51A0B0F4600BE210C /* Images */,
				5DA71FB41A0B0F1E00BE210C /* Keyboard */,
				5DA71FB31A0B0F0100BE210C /* MainMenu */,
				5D93594519F8F71A00CBC9BD /* AppDelegate.swift */,
				5D93594919F8F71A00CBC9BD /* Main.storyboard */,
				5D93594C19F8F71A00CBC9BD /* Images.xcassets */,
				5D93594E19F8F71A00CBC9BD /* LaunchScreen.xib */,
				5D93594319F8F71A00CBC9BD /* Supporting Files */,
				5DF8AD0B1A0897010083B0DD /* PlaceHolder.swift */,
			);
			path = Dot;
			sourceTree = "<group>";
		};
		5D93594319F8F71A00CBC9BD /* Supporting Files */ = {
			isa = PBXGroup;
			children = (
				5D93594419F8F71A00CBC9BD /* Info.plist */,
			);
			name = "Supporting Files";
			sourceTree = "<group>";
		};
		5D93595819F8F71A00CBC9BD /* DotTests */ = {
			isa = PBXGroup;
			children = (
				5D93595B19F8F71A00CBC9BD /* DotTests.swift */,
				5D93595919F8F71A00CBC9BD /* Supporting Files */,
			);
			path = DotTests;
			sourceTree = "<group>";
		};
		5D93595919F8F71A00CBC9BD /* Supporting Files */ = {
			isa = PBXGroup;
			children = (
				5D93595A19F8F71A00CBC9BD /* Info.plist */,
			);
			name = "Supporting Files";
			sourceTree = "<group>";
		};
		5DA71FB31A0B0F0100BE210C /* MainMenu */ = {
			isa = PBXGroup;
			children = (
				5DB0C9911A10CBDE008E16CD /* MenuViewTable.swift */,
				5D85BFC41A07394B0055114A /* MenuItem.swift */,
				5D85BFC81A073AA50055114A /* MenuItem.xib */,
				5D85BFC21A0725300055114A /* MainMenuViewController.swift */,
				5D6F73721A10A1FC00A803F5 /* DotTableView.swift */,
				5D6F73741A10A7AC00A803F5 /* DotItem.swift */,
			);
			name = MainMenu;
			sourceTree = "<group>";
		};
		5DA71FB41A0B0F1E00BE210C /* Keyboard */ = {
			isa = PBXGroup;
			children = (
				5D93594719F8F71A00CBC9BD /* ViewController.swift */,
			);
			name = Keyboard;
			sourceTree = "<group>";
		};
		5DA71FB51A0B0F4600BE210C /* Images */ = {
			isa = PBXGroup;
			children = (
				5D89377C1A087E25004B0280 /* ektl.png */,
			);
			name = Images;
			sourceTree = "<group>";
		};
		5DD32FE61A0CB3B20028C927 /* Contacts */ = {
			isa = PBXGroup;
			children = (
				5D7B21FB1A11B5880060F339 /* Messaging */,
				5DDE2F081A07AC8C00553B2A /* ContactsViewController.swift */,
				5D6C1EEE1A0CB68000B3953B /* ContactItem.xib */,
				5D6C1EF01A0CB78A00B3953B /* ContactItem.swift */,
			);
			name = Contacts;
			sourceTree = "<group>";
		};
		5DD32FE71A0CB3C80028C927 /* Model */ = {
			isa = PBXGroup;
			children = (
				5D4902251A13203C00C3587E /* SwiftHTTP-master */,
				5D89377E1A088A50004B0280 /* Data.swift */,
				5D4902221A131E0A00C3587E /* DotAPI.swift */,
				5D3EB0801A135D3100D500AE /* KeyboardPlaceHolder.swift */,
			);
			name = Model;
			sourceTree = "<group>";
		};
		5DFBCC311A134C32005F421F /* Account */ = {
			isa = PBXGroup;
			children = (
				5DFBCC321A134C4A005F421F /* LoginViewController.swift */,
				5D3EB07C1A13540D00D500AE /* LoginItem.swift */,
				5D3EB07A1A1353CC00D500AE /* LoginItem.xib */,
				5D3EB07E1A135BB600D500AE /* Account.swift */,
			);
			name = Account;
			sourceTree = "<group>";
		};
/* End PBXGroup section */

/* Begin PBXNativeTarget section */
		5D93593F19F8F71A00CBC9BD /* Dot */ = {
			isa = PBXNativeTarget;
			buildConfigurationList = 5D93595F19F8F71A00CBC9BD /* Build configuration list for PBXNativeTarget "Dot" */;
			buildPhases = (
				5D93593C19F8F71A00CBC9BD /* Sources */,
				5D93593D19F8F71A00CBC9BD /* Frameworks */,
				5D93593E19F8F71A00CBC9BD /* Resources */,
			);
			buildRules = (
			);
			dependencies = (
			);
			name = Dot;
			productName = Dot;
			productReference = 5D93594019F8F71A00CBC9BD /* Dot.app */;
			productType = "com.apple.product-type.application";
		};
		5D93595419F8F71A00CBC9BD /* DotTests */ = {
			isa = PBXNativeTarget;
			buildConfigurationList = 5D93596219F8F71A00CBC9BD /* Build configuration list for PBXNativeTarget "DotTests" */;
			buildPhases = (
				5D93595119F8F71A00CBC9BD /* Sources */,
				5D93595219F8F71A00CBC9BD /* Frameworks */,
				5D93595319F8F71A00CBC9BD /* Resources */,
			);
			buildRules = (
			);
			dependencies = (
				5D93595719F8F71A00CBC9BD /* PBXTargetDependency */,
			);
			name = DotTests;
			productName = DotTests;
			productReference = 5D93595519F8F71A00CBC9BD /* DotTests.xctest */;
			productType = "com.apple.product-type.bundle.unit-test";
		};
/* End PBXNativeTarget section */

/* Begin PBXProject section */
		5D93593819F8F71A00CBC9BD /* Project object */ = {
			isa = PBXProject;
			attributes = {
				LastUpgradeCheck = 0610;
				ORGANIZATIONNAME = Braison;
				TargetAttributes = {
					5D93593F19F8F71A00CBC9BD = {
						CreatedOnToolsVersion = 6.1;
						DevelopmentTeam = DLS9TB22WX;
					};
					5D93595419F8F71A00CBC9BD = {
						CreatedOnToolsVersion = 6.1;
						TestTargetID = 5D93593F19F8F71A00CBC9BD;
					};
				};
			};
			buildConfigurationList = 5D93593B19F8F71A00CBC9BD /* Build configuration list for PBXProject "Dot" */;
			compatibilityVersion = "Xcode 3.2";
			developmentRegion = English;
			hasScannedForEncodings = 0;
			knownRegions = (
				en,
				Base,
			);
			mainGroup = 5D93593719F8F71A00CBC9BD;
			productRefGroup = 5D93594119F8F71A00CBC9BD /* Products */;
			projectDirPath = "";
			projectRoot = "";
			targets = (
				5D93593F19F8F71A00CBC9BD /* Dot */,
				5D93595419F8F71A00CBC9BD /* DotTests */,
			);
		};
/* End PBXProject section */

/* Begin PBXResourcesBuildPhase section */
		5D93593E19F8F71A00CBC9BD /* Resources */ = {
			isa = PBXResourcesBuildPhase;
			buildActionMask = 2147483647;
			files = (
				5D3EB07B1A1353CC00D500AE /* LoginItem.xib in Resources */,
				5D49023A1A13203C00C3587E /* Info.plist in Resources */,
				5D93594B19F8F71A00CBC9BD /* Main.storyboard in Resources */,
				5D4902351A13203C00C3587E /* .gitignore in Resources */,
				5D85BFC91A073AA50055114A /* MenuItem.xib in Resources */,
				5D93595019F8F71A00CBC9BD /* LaunchScreen.xib in Resources */,
				5D93594D19F8F71A00CBC9BD /* Images.xcassets in Resources */,
				5D49023B1A13203C00C3587E /* LICENSE in Resources */,
				5D89377D1A087E25004B0280 /* ektl.png in Resources */,
				5D6C1EEF1A0CB68000B3953B /* ContactItem.xib in Resources */,
			);
			runOnlyForDeploymentPostprocessing = 0;
		};
		5D93595319F8F71A00CBC9BD /* Resources */ = {
			isa = PBXResourcesBuildPhase;
			buildActionMask = 2147483647;
			files = (
			);
			runOnlyForDeploymentPostprocessing = 0;
		};
/* End PBXResourcesBuildPhase section */

/* Begin PBXSourcesBuildPhase section */
		5D93593C19F8F71A00CBC9BD /* Sources */ = {
			isa = PBXSourcesBuildPhase;
			buildActionMask = 2147483647;
			files = (
				5DFBCC331A134C4A005F421F /* LoginViewController.swift in Sources */,
				5D3EB0811A135D3100D500AE /* KeyboardPlaceHolder.swift in Sources */,
				5D4902391A13203C00C3587E /* HTTPUpload.swift in Sources */,
				5DDE2F091A07AC8C00553B2A /* ContactsViewController.swift in Sources */,
				5D85BFC31A0725300055114A /* MainMenuViewController.swift in Sources */,
				5D85BFC51A07394B0055114A /* MenuItem.swift in Sources */,
				5D3EB07F1A135BB600D500AE /* Account.swift in Sources */,
				5D6F73751A10A7AC00A803F5 /* DotItem.swift in Sources */,
				5DB0C9921A10CBDE008E16CD /* MenuViewTable.swift in Sources */,
				5DF8AD0C1A0897010083B0DD /* PlaceHolder.swift in Sources */,
				5D3EB07D1A13540D00D500AE /* LoginItem.swift in Sources */,
				5D4902381A13203C00C3587E /* HTTPTask.swift in Sources */,
				5D4902371A13203C00C3587E /* HTTPResponseSerializer.swift in Sources */,
				5D93594819F8F71A00CBC9BD /* ViewController.swift in Sources */,
				5D6C1EF11A0CB78A00B3953B /* ContactItem.swift in Sources */,
				5D49023C1A13203C00C3587E /* README.md in Sources */,
				5D4902231A131E0A00C3587E /* DotAPI.swift in Sources */,
				5D93594619F8F71A00CBC9BD /* AppDelegate.swift in Sources */,
				5D89377F1A088A50004B0280 /* Data.swift in Sources */,
				5D4902361A13203C00C3587E /* HTTPRequestSerializer.swift in Sources */,
				5D6F73731A10A1FC00A803F5 /* DotTableView.swift in Sources */,
			);
			runOnlyForDeploymentPostprocessing = 0;
		};
		5D93595119F8F71A00CBC9BD /* Sources */ = {
			isa = PBXSourcesBuildPhase;
			buildActionMask = 2147483647;
			files = (
				5D93595C19F8F71A00CBC9BD /* DotTests.swift in Sources */,
			);
			runOnlyForDeploymentPostprocessing = 0;
		};
/* End PBXSourcesBuildPhase section */

/* Begin PBXTargetDependency section */
		5D93595719F8F71A00CBC9BD /* PBXTargetDependency */ = {
			isa = PBXTargetDependency;
			target = 5D93593F19F8F71A00CBC9BD /* Dot */;
			targetProxy = 5D93595619F8F71A00CBC9BD /* PBXContainerItemProxy */;
		};
/* End PBXTargetDependency section */

/* Begin PBXVariantGroup section */
		5D93594919F8F71A00CBC9BD /* Main.storyboard */ = {
			isa = PBXVariantGroup;
			children = (
				5D93594A19F8F71A00CBC9BD /* Base */,
			);
			name = Main.storyboard;
			sourceTree = "<group>";
		};
		5D93594E19F8F71A00CBC9BD /* LaunchScreen.xib */ = {
			isa = PBXVariantGroup;
			children = (
				5D93594F19F8F71A00CBC9BD /* Base */,
			);
			name = LaunchScreen.xib;
			sourceTree = "<group>";
		};
/* End PBXVariantGroup section */

/* Begin XCBuildConfiguration section */
		5D93595D19F8F71A00CBC9BD /* Debug */ = {
			isa = XCBuildConfiguration;
			buildSettings = {
				ALWAYS_SEARCH_USER_PATHS = NO;
				CLANG_CXX_LANGUAGE_STANDARD = "gnu++0x";
				CLANG_CXX_LIBRARY = "libc++";
				CLANG_ENABLE_MODULES = YES;
				CLANG_ENABLE_OBJC_ARC = YES;
				CLANG_WARN_BOOL_CONVERSION = YES;
				CLANG_WARN_CONSTANT_CONVERSION = YES;
				CLANG_WARN_DIRECT_OBJC_ISA_USAGE = YES_ERROR;
				CLANG_WARN_EMPTY_BODY = YES;
				CLANG_WARN_ENUM_CONVERSION = YES;
				CLANG_WARN_INT_CONVERSION = YES;
				CLANG_WARN_OBJC_ROOT_CLASS = YES_ERROR;
				CLANG_WARN_UNREACHABLE_CODE = YES;
				CLANG_WARN__DUPLICATE_METHOD_MATCH = YES;
				"CODE_SIGN_IDENTITY[sdk=iphoneos*]" = "iPhone Developer";
				COPY_PHASE_STRIP = NO;
				ENABLE_STRICT_OBJC_MSGSEND = YES;
				GCC_C_LANGUAGE_STANDARD = gnu99;
				GCC_DYNAMIC_NO_PIC = NO;
				GCC_OPTIMIZATION_LEVEL = 0;
				GCC_PREPROCESSOR_DEFINITIONS = (
					"DEBUG=1",
					"$(inherited)",
				);
				GCC_SYMBOLS_PRIVATE_EXTERN = NO;
				GCC_WARN_64_TO_32_BIT_CONVERSION = YES;
				GCC_WARN_ABOUT_RETURN_TYPE = YES_ERROR;
				GCC_WARN_UNDECLARED_SELECTOR = YES;
				GCC_WARN_UNINITIALIZED_AUTOS = YES_AGGRESSIVE;
				GCC_WARN_UNUSED_FUNCTION = YES;
				GCC_WARN_UNUSED_VARIABLE = YES;
				IPHONEOS_DEPLOYMENT_TARGET = 8.1;
				MTL_ENABLE_DEBUG_INFO = YES;
				ONLY_ACTIVE_ARCH = YES;
				SDKROOT = iphoneos;
				SWIFT_OPTIMIZATION_LEVEL = "-Onone";
			};
			name = Debug;
		};
		5D93595E19F8F71A00CBC9BD /* Release */ = {
			isa = XCBuildConfiguration;
			buildSettings = {
				ALWAYS_SEARCH_USER_PATHS = NO;
				CLANG_CXX_LANGUAGE_STANDARD = "gnu++0x";
				CLANG_CXX_LIBRARY = "libc++";
				CLANG_ENABLE_MODULES = YES;
				CLANG_ENABLE_OBJC_ARC = YES;
				CLANG_WARN_BOOL_CONVERSION = YES;
				CLANG_WARN_CONSTANT_CONVERSION = YES;
				CLANG_WARN_DIRECT_OBJC_ISA_USAGE = YES_ERROR;
				CLANG_WARN_EMPTY_BODY = YES;
				CLANG_WARN_ENUM_CONVERSION = YES;
				CLANG_WARN_INT_CONVERSION = YES;
				CLANG_WARN_OBJC_ROOT_CLASS = YES_ERROR;
				CLANG_WARN_UNREACHABLE_CODE = YES;
				CLANG_WARN__DUPLICATE_METHOD_MATCH = YES;
				"CODE_SIGN_IDENTITY[sdk=iphoneos*]" = "iPhone Developer";
				COPY_PHASE_STRIP = YES;
				ENABLE_NS_ASSERTIONS = NO;
				ENABLE_STRICT_OBJC_MSGSEND = YES;
				GCC_C_LANGUAGE_STANDARD = gnu99;
				GCC_WARN_64_TO_32_BIT_CONVERSION = YES;
				GCC_WARN_ABOUT_RETURN_TYPE = YES_ERROR;
				GCC_WARN_UNDECLARED_SELECTOR = YES;
				GCC_WARN_UNINITIALIZED_AUTOS = YES_AGGRESSIVE;
				GCC_WARN_UNUSED_FUNCTION = YES;
				GCC_WARN_UNUSED_VARIABLE = YES;
				IPHONEOS_DEPLOYMENT_TARGET = 8.1;
				MTL_ENABLE_DEBUG_INFO = NO;
				SDKROOT = iphoneos;
				VALIDATE_PRODUCT = YES;
			};
			name = Release;
		};
		5D93596019F8F71A00CBC9BD /* Debug */ = {
			isa = XCBuildConfiguration;
			buildSettings = {
				ASSETCATALOG_COMPILER_APPICON_NAME = AppIcon;
				CODE_SIGN_IDENTITY = "iPhone Developer";
				"CODE_SIGN_IDENTITY[sdk=iphoneos*]" = "iPhone Developer";
				INFOPLIST_FILE = Dot/Info.plist;
				IPHONEOS_DEPLOYMENT_TARGET = 8.1;
				LD_RUNPATH_SEARCH_PATHS = "$(inherited) @executable_path/Frameworks";
				PRODUCT_NAME = "$(TARGET_NAME)";
				PROVISIONING_PROFILE = "";
			};
			name = Debug;
		};
		5D93596119F8F71A00CBC9BD /* Release */ = {
			isa = XCBuildConfiguration;
			buildSettings = {
				ASSETCATALOG_COMPILER_APPICON_NAME = AppIcon;
				CODE_SIGN_IDENTITY = "iPhone Developer";
				"CODE_SIGN_IDENTITY[sdk=iphoneos*]" = "iPhone Developer";
				INFOPLIST_FILE = Dot/Info.plist;
				IPHONEOS_DEPLOYMENT_TARGET = 8.1;
				LD_RUNPATH_SEARCH_PATHS = "$(inherited) @executable_path/Frameworks";
				PRODUCT_NAME = "$(TARGET_NAME)";
				PROVISIONING_PROFILE = "";
			};
			name = Release;
		};
		5D93596319F8F71A00CBC9BD /* Debug */ = {
			isa = XCBuildConfiguration;
			buildSettings = {
				BUNDLE_LOADER = "$(TEST_HOST)";
				FRAMEWORK_SEARCH_PATHS = (
					"$(SDKROOT)/Developer/Library/Frameworks",
					"$(inherited)",
				);
				GCC_PREPROCESSOR_DEFINITIONS = (
					"DEBUG=1",
					"$(inherited)",
				);
				INFOPLIST_FILE = DotTests/Info.plist;
				LD_RUNPATH_SEARCH_PATHS = "$(inherited) @executable_path/Frameworks @loader_path/Frameworks";
				PRODUCT_NAME = "$(TARGET_NAME)";
				TEST_HOST = "$(BUILT_PRODUCTS_DIR)/Dot.app/Dot";
			};
			name = Debug;
		};
		5D93596419F8F71A00CBC9BD /* Release */ = {
			isa = XCBuildConfiguration;
			buildSettings = {
				BUNDLE_LOADER = "$(TEST_HOST)";
				FRAMEWORK_SEARCH_PATHS = (
					"$(SDKROOT)/Developer/Library/Frameworks",
					"$(inherited)",
				);
				INFOPLIST_FILE = DotTests/Info.plist;
				LD_RUNPATH_SEARCH_PATHS = "$(inherited) @executable_path/Frameworks @loader_path/Frameworks";
				PRODUCT_NAME = "$(TARGET_NAME)";
				TEST_HOST = "$(BUILT_PRODUCTS_DIR)/Dot.app/Dot";
			};
			name = Release;
		};
/* End XCBuildConfiguration section */

/* Begin XCConfigurationList section */
		5D93593B19F8F71A00CBC9BD /* Build configuration list for PBXProject "Dot" */ = {
			isa = XCConfigurationList;
			buildConfigurations = (
				5D93595D19F8F71A00CBC9BD /* Debug */,
				5D93595E19F8F71A00CBC9BD /* Release */,
			);
			defaultConfigurationIsVisible = 0;
			defaultConfigurationName = Release;
		};
		5D93595F19F8F71A00CBC9BD /* Build configuration list for PBXNativeTarget "Dot" */ = {
			isa = XCConfigurationList;
			buildConfigurations = (
				5D93596019F8F71A00CBC9BD /* Debug */,
				5D93596119F8F71A00CBC9BD /* Release */,
			);
			defaultConfigurationIsVisible = 0;
			defaultConfigurationName = Release;
		};
		5D93596219F8F71A00CBC9BD /* Build configuration list for PBXNativeTarget "DotTests" */ = {
			isa = XCConfigurationList;
			buildConfigurations = (
				5D93596319F8F71A00CBC9BD /* Debug */,
				5D93596419F8F71A00CBC9BD /* Release */,
			);
			defaultConfigurationIsVisible = 0;
			defaultConfigurationName = Release;
		};
/* End XCConfigurationList section */
	};
	rootObject = 5D93593819F8F71A00CBC9BD /* Project object */;
}
